{
  "nodes": {
    "edk2-non-osi": {
      "flake": false,
      "locked": {
        "lastModified": 1739320765,
        "narHash": "sha256-gQY4lQGy9mIQOk+IqzFW31vM7S9K1TRVLjZ6iFVGgXs=",
        "owner": "tianocore",
        "repo": "edk2-non-osi",
        "rev": "ea2040c2d4e2200557e87b9f9fbd4f8fb7a2b6e8",
        "type": "github"
      },
      "original": {
        "owner": "tianocore",
        "repo": "edk2-non-osi",
        "type": "github"
      }
    },
    "nixpkgs": {
      "locked": {
        "lastModified": 1743315132,
        "narHash": "sha256-6hl6L/tRnwubHcA4pfUUtk542wn2Om+D4UnDhlDW9BE=",
        "owner": "NixOS",
        "repo": "nixpkgs",
        "rev": "52faf482a3889b7619003c0daec593a1912fddc1",
        "type": "github"
      },
      "original": {
        "owner": "NixOS",
        "ref": "nixos-unstable",
        "repo": "nixpkgs",
        "type": "github"
      }
    },
    "root": {
      "inputs": {
        "edk2-non-osi": "edk2-non-osi",
        "nixpkgs": "nixpkgs",
        "rpi5-edk2-platforms": "rpi5-edk2-platforms"
      }
    },
    "rpi5-edk2-platforms": {
      "flake": false,
      "locked": {
        "lastModified": 1739848577,
        "narHash": "sha256-9XqPj45sheo/L1ADaDt7NNAfcTYh7MQ4LMzvfXLxAb0=",
        "owner": "ElvishJerricco",
        "repo": "edk2-platforms",
        "rev": "7cbb4478946c8162d243eb2bbfa751cfb49df24e",
        "type": "github"
      },
      "original": {
        "owner": "ElvishJerricco",
        "ref": "rpi5-dev",
        "repo": "edk2-platforms",
        "type": "github"
      }
    }
  },
  "root": "root",
  "version": 7
}
